
Microsoft Visual Studio Solution File, Format Version 12.00
# Visual Studio Version 17
VisualStudioVersion = 17.9.34728.123
MinimumVisualStudioVersion = 10.0.40219.1
Project("{FAE04EC0-301F-11D3-BF4B-00C04F79EFBC}") = "BTL_Xay_dung_bao_dien_tu", "BTL_Xay_dung_bao_dien_tu.csproj", "{EB28D977-D647-4E5D-BB7D-5ED868085B3C}"
EndProject
Global
	GlobalSection(SolutionConfigurationPlatforms) = preSolution
		Debug|Any CPU = Debug|Any CPU
		Release|Any CPU = Release|Any CPU
	EndGlobalSection
	GlobalSection(ProjectConfigurationPlatforms) = postSolution
		{EB28D977-D647-4E5D-BB7D-5ED868085B3C}.Debug|Any CPU.ActiveCfg = Debug|Any CPU
		{EB28D977-D647-4E5D-BB7D-5ED868085B3C}.Debug|Any CPU.Build.0 = Debug|Any CPU
		{EB28D977-D647-4E5D-BB7D-5ED868085B3C}.Release|Any CPU.ActiveCfg = Release|Any CPU
		{EB28D977-D647-4E5D-BB7D-5ED868085B3C}.Release|Any CPU.Build.0 = Release|Any CPU
	EndGlobalSection
	GlobalSection(SolutionProperties) = preSolution
		HideSolutionNode = FALSE
	EndGlobalSection
	GlobalSection(ExtensibilityGlobals) = postSolution
		SolutionGuid = {8989F4B4-E154-439A-AAA1-E44B0A0FB0DB}
	EndGlobalSection
EndGlobal
